// !$*UTF8*$!
{
	archiveVersion = 1;
	classes = {
	};
	objectVersion = 46;
	objects = {

/* Begin PBXBuildFile section */
		1867B0D81DF3C616008280FF /* css.h in Headers */ = {isa = PBXBuildFile; fileRef = 1867B0D41DF3C616008280FF /* css.h */; };
		1867B0D91DF3C616008280FF /* cssFile.h in Headers */ = {isa = PBXBuildFile; fileRef = 1867B0D51DF3C616008280FF /* cssFile.h */; };
		1867B0DA1DF3C616008280FF /* cssList.h in Headers */ = {isa = PBXBuildFile; fileRef = 1867B0D61DF3C616008280FF /* cssList.h */; };
		1867B0DB1DF3C616008280FF /* cssObject.h in Headers */ = {isa = PBXBuildFile; fileRef = 1867B0D71DF3C616008280FF /* cssObject.h */; };
		1867B0E11DF3C62D008280FF /* cssFile.c in Sources */ = {isa = PBXBuildFile; fileRef = 1867B0DD1DF3C62D008280FF /* cssFile.c */; };
		1867B0E21DF3C62D008280FF /* cssList.c in Sources */ = {isa = PBXBuildFile; fileRef = 1867B0DE1DF3C62D008280FF /* cssList.c */; };
		1867B0E31DF3C62D008280FF /* cssObject.c in Sources */ = {isa = PBXBuildFile; fileRef = 1867B0DF1DF3C62D008280FF /* cssObject.c */; };
		1867B0E41DF3C62D008280FF /* cssString.c in Sources */ = {isa = PBXBuildFile; fileRef = 1867B0E01DF3C62D008280FF /* cssString.c */; };
		1867B0E61DF3C653008280FF /* cssString.h in Headers */ = {isa = PBXBuildFile; fileRef = 1867B0E51DF3C653008280FF /* cssString.h */; };
		1867B0EE1DF3C68D008280FF /* main.c in Sources */ = {isa = PBXBuildFile; fileRef = 1867B0ED1DF3C68D008280FF /* main.c */; };
		1867B0F21DF3C6D4008280FF /* libCSubSub.a in Frameworks */ = {isa = PBXBuildFile; fileRef = 1867B0CB1DF3C5C6008280FF /* libCSubSub.a */; };
		1867B0FA1DF3C6FB008280FF /* main.c in Sources */ = {isa = PBXBuildFile; fileRef = 1867B0F91DF3C6FB008280FF /* main.c */; };
		1867B0FF1DF3C778008280FF /* libCSubSub.a in Frameworks */ = {isa = PBXBuildFile; fileRef = 1867B0CB1DF3C5C6008280FF /* libCSubSub.a */; };
		1867B1071DF3C835008280FF /* main.c in Sources */ = {isa = PBXBuildFile; fileRef = 1867B1061DF3C835008280FF /* main.c */; };
		1867B10B1DF3C83C008280FF /* libCSubSub.a in Frameworks */ = {isa = PBXBuildFile; fileRef = 1867B0CB1DF3C5C6008280FF /* libCSubSub.a */; };
		1867B1131DF3C889008280FF /* main.c in Sources */ = {isa = PBXBuildFile; fileRef = 1867B1121DF3C889008280FF /* main.c */; };
		1867B1171DF3CBC0008280FF /* libCSubSub.a in Frameworks */ = {isa = PBXBuildFile; fileRef = 1867B0CB1DF3C5C6008280FF /* libCSubSub.a */; };
/* End PBXBuildFile section */

/* Begin PBXCopyFilesBuildPhase section */
		1867B0E91DF3C68D008280FF /* CopyFiles */ = {
			isa = PBXCopyFilesBuildPhase;
			buildActionMask = 2147483647;
			dstPath = /usr/share/man/man1/;
			dstSubfolderSpec = 0;
			files = (
			);
			runOnlyForDeploymentPostprocessing = 1;
		};
		1867B0F51DF3C6FB008280FF /* CopyFiles */ = {
			isa = PBXCopyFilesBuildPhase;
			buildActionMask = 2147483647;
			dstPath = /usr/share/man/man1/;
			dstSubfolderSpec = 0;
			files = (
			);
			runOnlyForDeploymentPostprocessing = 1;
		};
		1867B1021DF3C835008280FF /* CopyFiles */ = {
			isa = PBXCopyFilesBuildPhase;
			buildActionMask = 2147483647;
			dstPath = /usr/share/man/man1/;
			dstSubfolderSpec = 0;
			files = (
			);
			runOnlyForDeploymentPostprocessing = 1;
		};
		1867B10E1DF3C889008280FF /* CopyFiles */ = {
			isa = PBXCopyFilesBuildPhase;
			buildActionMask = 2147483647;
			dstPath = /usr/share/man/man1/;
			dstSubfolderSpec = 0;
			files = (
			);
			runOnlyForDeploymentPostprocessing = 1;
		};
/* End PBXCopyFilesBuildPhase section */

/* Begin PBXFileReference section */
		1867B0CB1DF3C5C6008280FF /* libCSubSub.a */ = {isa = PBXFileReference; explicitFileType = archive.ar; includeInIndex = 0; path = libCSubSub.a; sourceTree = BUILT_PRODUCTS_DIR; };
		1867B0D41DF3C616008280FF /* css.h */ = {isa = PBXFileReference; fileEncoding = 4; lastKnownFileType = sourcecode.c.h; path = css.h; sourceTree = "<group>"; };
		1867B0D51DF3C616008280FF /* cssFile.h */ = {isa = PBXFileReference; fileEncoding = 4; lastKnownFileType = sourcecode.c.h; path = cssFile.h; sourceTree = "<group>"; };
		1867B0D61DF3C616008280FF /* cssList.h */ = {isa = PBXFileReference; fileEncoding = 4; lastKnownFileType = sourcecode.c.h; path = cssList.h; sourceTree = "<group>"; };
		1867B0D71DF3C616008280FF /* cssObject.h */ = {isa = PBXFileReference; fileEncoding = 4; lastKnownFileType = sourcecode.c.h; path = cssObject.h; sourceTree = "<group>"; };
		1867B0DD1DF3C62D008280FF /* cssFile.c */ = {isa = PBXFileReference; fileEncoding = 4; lastKnownFileType = sourcecode.c.c; path = cssFile.c; sourceTree = "<group>"; };
		1867B0DE1DF3C62D008280FF /* cssList.c */ = {isa = PBXFileReference; fileEncoding = 4; lastKnownFileType = sourcecode.c.c; path = cssList.c; sourceTree = "<group>"; };
		1867B0DF1DF3C62D008280FF /* cssObject.c */ = {isa = PBXFileReference; fileEncoding = 4; lastKnownFileType = sourcecode.c.c; path = cssObject.c; sourceTree = "<group>"; };
		1867B0E01DF3C62D008280FF /* cssString.c */ = {isa = PBXFileReference; fileEncoding = 4; lastKnownFileType = sourcecode.c.c; path = cssString.c; sourceTree = "<group>"; };
		1867B0E51DF3C653008280FF /* cssString.h */ = {isa = PBXFileReference; fileEncoding = 4; lastKnownFileType = sourcecode.c.h; path = cssString.h; sourceTree = "<group>"; };
		1867B0EB1DF3C68D008280FF /* E001UsingString */ = {isa = PBXFileReference; explicitFileType = "compiled.mach-o.executable"; includeInIndex = 0; path = E001UsingString; sourceTree = BUILT_PRODUCTS_DIR; };
		1867B0ED1DF3C68D008280FF /* main.c */ = {isa = PBXFileReference; lastKnownFileType = sourcecode.c.c; path = main.c; sourceTree = "<group>"; };
		1867B0F71DF3C6FB008280FF /* E002UsingFile */ = {isa = PBXFileReference; explicitFileType = "compiled.mach-o.executable"; includeInIndex = 0; path = E002UsingFile; sourceTree = BUILT_PRODUCTS_DIR; };
		1867B0F91DF3C6FB008280FF /* main.c */ = {isa = PBXFileReference; lastKnownFileType = sourcecode.c.c; path = main.c; sourceTree = "<group>"; };
		1867B0FE1DF3C739008280FF /* Data.txt */ = {isa = PBXFileReference; lastKnownFileType = text; path = Data.txt; sourceTree = "<group>"; };
		1867B1041DF3C835008280FF /* E003UsingList */ = {isa = PBXFileReference; explicitFileType = "compiled.mach-o.executable"; includeInIndex = 0; path = E003UsingList; sourceTree = BUILT_PRODUCTS_DIR; };
		1867B1061DF3C835008280FF /* main.c */ = {isa = PBXFileReference; lastKnownFileType = sourcecode.c.c; path = main.c; sourceTree = "<group>"; };
		1867B1101DF3C889008280FF /* L001HelloCSS */ = {isa = PBXFileReference; explicitFileType = "compiled.mach-o.executable"; includeInIndex = 0; path = L001HelloCSS; sourceTree = BUILT_PRODUCTS_DIR; };
		1867B1121DF3C889008280FF /* main.c */ = {isa = PBXFileReference; lastKnownFileType = sourcecode.c.c; path = main.c; sourceTree = "<group>"; };
/* End PBXFileReference section */

/* Begin PBXFrameworksBuildPhase section */
		1867B0C81DF3C5C6008280FF /* Frameworks */ = {
			isa = PBXFrameworksBuildPhase;
			buildActionMask = 2147483647;
			files = (
			);
			runOnlyForDeploymentPostprocessing = 0;
		};
		1867B0E81DF3C68D008280FF /* Frameworks */ = {
			isa = PBXFrameworksBuildPhase;
			buildActionMask = 2147483647;
			files = (
				1867B0F21DF3C6D4008280FF /* libCSubSub.a in Frameworks */,
			);
			runOnlyForDeploymentPostprocessing = 0;
		};
		1867B0F41DF3C6FB008280FF /* Frameworks */ = {
			isa = PBXFrameworksBuildPhase;
			buildActionMask = 2147483647;
			files = (
				1867B0FF1DF3C778008280FF /* libCSubSub.a in Frameworks */,
			);
			runOnlyForDeploymentPostprocessing = 0;
		};
		1867B1011DF3C835008280FF /* Frameworks */ = {
			isa = PBXFrameworksBuildPhase;
			buildActionMask = 2147483647;
			files = (
				1867B10B1DF3C83C008280FF /* libCSubSub.a in Frameworks */,
			);
			runOnlyForDeploymentPostprocessing = 0;
		};
		1867B10D1DF3C889008280FF /* Frameworks */ = {
			isa = PBXFrameworksBuildPhase;
			buildActionMask = 2147483647;
			files = (
				1867B1171DF3CBC0008280FF /* libCSubSub.a in Frameworks */,
			);
			runOnlyForDeploymentPostprocessing = 0;
		};
/* End PBXFrameworksBuildPhase section */

/* Begin PBXGroup section */
		1867B0C21DF3C5C6008280FF = {
			isa = PBXGroup;
			children = (
				1867B0D21DF3C5DE008280FF /* lib */,
				1867B0EC1DF3C68D008280FF /* E001UsingString */,
				1867B0F81DF3C6FB008280FF /* E002UsingFile */,
				1867B1051DF3C835008280FF /* E003UsingList */,
				1867B1111DF3C889008280FF /* L001HelloCSS */,
				1867B0CC1DF3C5C6008280FF /* Products */,
			);
			sourceTree = "<group>";
		};
		1867B0CC1DF3C5C6008280FF /* Products */ = {
			isa = PBXGroup;
			children = (
				1867B0CB1DF3C5C6008280FF /* libCSubSub.a */,
				1867B0EB1DF3C68D008280FF /* E001UsingString */,
				1867B0F71DF3C6FB008280FF /* E002UsingFile */,
				1867B1041DF3C835008280FF /* E003UsingList */,
				1867B1101DF3C889008280FF /* L001HelloCSS */,
			);
			name = Products;
			sourceTree = "<group>";
		};
		1867B0D21DF3C5DE008280FF /* lib */ = {
			isa = PBXGroup;
			children = (
				1867B0DC1DF3C61F008280FF /* source */,
				1867B0D31DF3C5FC008280FF /* header */,
			);
			path = lib;
			sourceTree = "<group>";
		};
		1867B0D31DF3C5FC008280FF /* header */ = {
			isa = PBXGroup;
			children = (
				1867B0E51DF3C653008280FF /* cssString.h */,
				1867B0D41DF3C616008280FF /* css.h */,
				1867B0D51DF3C616008280FF /* cssFile.h */,
				1867B0D61DF3C616008280FF /* cssList.h */,
				1867B0D71DF3C616008280FF /* cssObject.h */,
			);
			name = header;
			sourceTree = "<group>";
		};
		1867B0DC1DF3C61F008280FF /* source */ = {
			isa = PBXGroup;
			children = (
				1867B0DD1DF3C62D008280FF /* cssFile.c */,
				1867B0DE1DF3C62D008280FF /* cssList.c */,
				1867B0DF1DF3C62D008280FF /* cssObject.c */,
				1867B0E01DF3C62D008280FF /* cssString.c */,
			);
			name = source;
			sourceTree = "<group>";
		};
		1867B0EC1DF3C68D008280FF /* E001UsingString */ = {
			isa = PBXGroup;
			children = (
				1867B0ED1DF3C68D008280FF /* main.c */,
			);
			path = E001UsingString;
			sourceTree = "<group>";
		};
		1867B0F81DF3C6FB008280FF /* E002UsingFile */ = {
			isa = PBXGroup;
			children = (
				1867B0FE1DF3C739008280FF /* Data.txt */,
				1867B0F91DF3C6FB008280FF /* main.c */,
			);
			path = E002UsingFile;
			sourceTree = "<group>";
		};
		1867B1051DF3C835008280FF /* E003UsingList */ = {
			isa = PBXGroup;
			children = (
				1867B1061DF3C835008280FF /* main.c */,
			);
			path = E003UsingList;
			sourceTree = "<group>";
		};
		1867B1111DF3C889008280FF /* L001HelloCSS */ = {
			isa = PBXGroup;
			children = (
				1867B1121DF3C889008280FF /* main.c */,
			);
			path = L001HelloCSS;
			sourceTree = "<group>";
		};
/* End PBXGroup section */

/* Begin PBXHeadersBuildPhase section */
		1867B0C91DF3C5C6008280FF /* Headers */ = {
			isa = PBXHeadersBuildPhase;
			buildActionMask = 2147483647;
			files = (
				1867B0DA1DF3C616008280FF /* cssList.h in Headers */,
				1867B0DB1DF3C616008280FF /* cssObject.h in Headers */,
				1867B0E61DF3C653008280FF /* cssString.h in Headers */,
				1867B0D91DF3C616008280FF /* cssFile.h in Headers */,
				1867B0D81DF3C616008280FF /* css.h in Headers */,
			);
			runOnlyForDeploymentPostprocessing = 0;
		};
/* End PBXHeadersBuildPhase section */

/* Begin PBXNativeTarget section */
		1867B0CA1DF3C5C6008280FF /* CSubSub */ = {
			isa = PBXNativeTarget;
			buildConfigurationList = 1867B0CF1DF3C5C6008280FF /* Build configuration list for PBXNativeTarget "CSubSub" */;
			buildPhases = (
				1867B0C71DF3C5C6008280FF /* Sources */,
				1867B0C81DF3C5C6008280FF /* Frameworks */,
				1867B0C91DF3C5C6008280FF /* Headers */,
			);
			buildRules = (
			);
			dependencies = (
			);
			name = CSubSub;
			productName = CSubSub;
			productReference = 1867B0CB1DF3C5C6008280FF /* libCSubSub.a */;
			productType = "com.apple.product-type.library.static";
		};
		1867B0EA1DF3C68D008280FF /* E001UsingString */ = {
			isa = PBXNativeTarget;
			buildConfigurationList = 1867B0EF1DF3C68D008280FF /* Build configuration list for PBXNativeTarget "E001UsingString" */;
			buildPhases = (
				1867B0E71DF3C68D008280FF /* Sources */,
				1867B0E81DF3C68D008280FF /* Frameworks */,
				1867B0E91DF3C68D008280FF /* CopyFiles */,
			);
			buildRules = (
			);
			dependencies = (
			);
			name = E001UsingString;
			productName = E001UsingString;
			productReference = 1867B0EB1DF3C68D008280FF /* E001UsingString */;
			productType = "com.apple.product-type.tool";
		};
		1867B0F61DF3C6FB008280FF /* E002UsingFile */ = {
			isa = PBXNativeTarget;
			buildConfigurationList = 1867B0FB1DF3C6FB008280FF /* Build configuration list for PBXNativeTarget "E002UsingFile" */;
			buildPhases = (
				1867B0F31DF3C6FB008280FF /* Sources */,
				1867B0F41DF3C6FB008280FF /* Frameworks */,
				1867B0F51DF3C6FB008280FF /* CopyFiles */,
			);
			buildRules = (
			);
			dependencies = (
			);
			name = E002UsingFile;
			productName = E002UsingFile;
			productReference = 1867B0F71DF3C6FB008280FF /* E002UsingFile */;
			productType = "com.apple.product-type.tool";
		};
		1867B1031DF3C835008280FF /* E003UsingList */ = {
			isa = PBXNativeTarget;
			buildConfigurationList = 1867B1081DF3C835008280FF /* Build configuration list for PBXNativeTarget "E003UsingList" */;
			buildPhases = (
				1867B1001DF3C835008280FF /* Sources */,
				1867B1011DF3C835008280FF /* Frameworks */,
				1867B1021DF3C835008280FF /* CopyFiles */,
			);
			buildRules = (
			);
			dependencies = (
			);
			name = E003UsingList;
			productName = E003UsingList;
			productReference = 1867B1041DF3C835008280FF /* E003UsingList */;
			productType = "com.apple.product-type.tool";
		};
		1867B10F1DF3C889008280FF /* L001HelloCSS */ = {
			isa = PBXNativeTarget;
			buildConfigurationList = 1867B1141DF3C889008280FF /* Build configuration list for PBXNativeTarget "L001HelloCSS" */;
			buildPhases = (
				1867B10C1DF3C889008280FF /* Sources */,
				1867B10D1DF3C889008280FF /* Frameworks */,
				1867B10E1DF3C889008280FF /* CopyFiles */,
			);
			buildRules = (
			);
			dependencies = (
			);
			name = L001HelloCSS;
			productName = L001HelloCSS;
			productReference = 1867B1101DF3C889008280FF /* L001HelloCSS */;
			productType = "com.apple.product-type.tool";
		};
/* End PBXNativeTarget section */

/* Begin PBXProject section */
		1867B0C31DF3C5C6008280FF /* Project object */ = {
			isa = PBXProject;
			attributes = {
				LastUpgradeCheck = 0810;
				ORGANIZATIONNAME = cutetom;
				TargetAttributes = {
					1867B0CA1DF3C5C6008280FF = {
						CreatedOnToolsVersion = 8.1;
						ProvisioningStyle = Automatic;
					};
					1867B0EA1DF3C68D008280FF = {
						CreatedOnToolsVersion = 8.1;
						ProvisioningStyle = Automatic;
					};
					1867B0F61DF3C6FB008280FF = {
						CreatedOnToolsVersion = 8.1;
						ProvisioningStyle = Automatic;
					};
					1867B1031DF3C835008280FF = {
						CreatedOnToolsVersion = 8.1;
						ProvisioningStyle = Automatic;
					};
					1867B10F1DF3C889008280FF = {
						CreatedOnToolsVersion = 8.1;
						ProvisioningStyle = Automatic;
					};
				};
			};
			buildConfigurationList = 1867B0C61DF3C5C6008280FF /* Build configuration list for PBXProject "CSubSub" */;
			compatibilityVersion = "Xcode 3.2";
			developmentRegion = English;
			hasScannedForEncodings = 0;
			knownRegions = (
				en,
			);
			mainGroup = 1867B0C21DF3C5C6008280FF;
			productRefGroup = 1867B0CC1DF3C5C6008280FF /* Products */;
			projectDirPath = "";
			projectRoot = "";
			targets = (
				1867B0CA1DF3C5C6008280FF /* CSubSub */,
				1867B0EA1DF3C68D008280FF /* E001UsingString */,
				1867B0F61DF3C6FB008280FF /* E002UsingFile */,
				1867B1031DF3C835008280FF /* E003UsingList */,
				1867B10F1DF3C889008280FF /* L001HelloCSS */,
			);
		};
/* End PBXProject section */

/* Begin PBXSourcesBuildPhase section */
		1867B0C71DF3C5C6008280FF /* Sources */ = {
			isa = PBXSourcesBuildPhase;
			buildActionMask = 2147483647;
			files = (
				1867B0E41DF3C62D008280FF /* cssString.c in Sources */,
				1867B0E11DF3C62D008280FF /* cssFile.c in Sources */,
				1867B0E21DF3C62D008280FF /* cssList.c in Sources */,
				1867B0E31DF3C62D008280FF /* cssObject.c in Sources */,
			);
			runOnlyForDeploymentPostprocessing = 0;
		};
		1867B0E71DF3C68D008280FF /* Sources */ = {
			isa = PBXSourcesBuildPhase;
			buildActionMask = 2147483647;
			files = (
				1867B0EE1DF3C68D008280FF /* main.c in Sources */,
			);
			runOnlyForDeploymentPostprocessing = 0;
		};
		1867B0F31DF3C6FB008280FF /* Sources */ = {
			isa = PBXSourcesBuildPhase;
			buildActionMask = 2147483647;
			files = (
				1867B0FA1DF3C6FB008280FF /* main.c in Sources */,
			);
			runOnlyForDeploymentPostprocessing = 0;
		};
		1867B1001DF3C835008280FF /* Sources */ = {
			isa = PBXSourcesBuildPhase;
			buildActionMask = 2147483647;
			files = (
				1867B1071DF3C835008280FF /* main.c in Sources */,
			);
			runOnlyForDeploymentPostprocessing = 0;
		};
		1867B10C1DF3C889008280FF /* Sources */ = {
			isa = PBXSourcesBuildPhase;
			buildActionMask = 2147483647;
			files = (
				1867B1131DF3C889008280FF /* main.c in Sources */,
			);
			runOnlyForDeploymentPostprocessing = 0;
		};
/* End PBXSourcesBuildPhase section */

/* Begin XCBuildConfiguration section */
		1867B0CD1DF3C5C6008280FF /* Debug */ = {
			isa = XCBuildConfiguration;
			buildSettings = {
				ALWAYS_SEARCH_USER_PATHS = NO;
				CLANG_ANALYZER_NONNULL = YES;
				CLANG_CXX_LANGUAGE_STANDARD = "gnu++0x";
				CLANG_CXX_LIBRARY = "libc++";
				CLANG_ENABLE_MODULES = YES;
				CLANG_ENABLE_OBJC_ARC = YES;
				CLANG_WARN_BOOL_CONVERSION = YES;
				CLANG_WARN_CONSTANT_CONVERSION = YES;
				CLANG_WARN_DIRECT_OBJC_ISA_USAGE = YES_ERROR;
				CLANG_WARN_DOCUMENTATION_COMMENTS = YES;
				CLANG_WARN_EMPTY_BODY = YES;
				CLANG_WARN_ENUM_CONVERSION = YES;
				CLANG_WARN_INFINITE_RECURSION = YES;
				CLANG_WARN_INT_CONVERSION = YES;
				CLANG_WARN_OBJC_ROOT_CLASS = YES_ERROR;
				CLANG_WARN_SUSPICIOUS_MOVES = YES;
				CLANG_WARN_UNREACHABLE_CODE = YES;
				CLANG_WARN__DUPLICATE_METHOD_MATCH = YES;
				CODE_SIGN_IDENTITY = "-";
				COPY_PHASE_STRIP = NO;
				DEBUG_INFORMATION_FORMAT = dwarf;
				ENABLE_STRICT_OBJC_MSGSEND = YES;
				ENABLE_TESTABILITY = YES;
				GCC_C_LANGUAGE_STANDARD = gnu99;
				GCC_DYNAMIC_NO_PIC = NO;
				GCC_NO_COMMON_BLOCKS = YES;
				GCC_OPTIMIZATION_LEVEL = 0;
				GCC_PREPROCESSOR_DEFINITIONS = (
					"DEBUG=1",
					"$(inherited)",
				);
				GCC_WARN_64_TO_32_BIT_CONVERSION = YES;
				GCC_WARN_ABOUT_RETURN_TYPE = YES_ERROR;
				GCC_WARN_UNDECLARED_SELECTOR = YES;
				GCC_WARN_UNINITIALIZED_AUTOS = YES_AGGRESSIVE;
				GCC_WARN_UNUSED_FUNCTION = YES;
				GCC_WARN_UNUSED_VARIABLE = YES;
				MACOSX_DEPLOYMENT_TARGET = 10.12;
				MTL_ENABLE_DEBUG_INFO = YES;
				ONLY_ACTIVE_ARCH = YES;
				SDKROOT = macosx;
			};
			name = Debug;
		};
		1867B0CE1DF3C5C6008280FF /* Release */ = {
			isa = XCBuildConfiguration;
			buildSettings = {
				ALWAYS_SEARCH_USER_PATHS = NO;
				CLANG_ANALYZER_NONNULL = YES;
				CLANG_CXX_LANGUAGE_STANDARD = "gnu++0x";
				CLANG_CXX_LIBRARY = "libc++";
				CLANG_ENABLE_MODULES = YES;
				CLANG_ENABLE_OBJC_ARC = YES;
				CLANG_WARN_BOOL_CONVERSION = YES;
				CLANG_WARN_CONSTANT_CONVERSION = YES;
				CLANG_WARN_DIRECT_OBJC_ISA_USAGE = YES_ERROR;
				CLANG_WARN_DOCUMENTATION_COMMENTS = YES;
				CLANG_WARN_EMPTY_BODY = YES;
				CLANG_WARN_ENUM_CONVERSION = YES;
				CLANG_WARN_INFINITE_RECURSION = YES;
				CLANG_WARN_INT_CONVERSION = YES;
				CLANG_WARN_OBJC_ROOT_CLASS = YES_ERROR;
				CLANG_WARN_SUSPICIOUS_MOVES = YES;
				CLANG_WARN_UNREACHABLE_CODE = YES;
				CLANG_WARN__DUPLICATE_METHOD_MATCH = YES;
				CODE_SIGN_IDENTITY = "-";
				COPY_PHASE_STRIP = NO;
				DEBUG_INFORMATION_FORMAT = "dwarf-with-dsym";
				ENABLE_NS_ASSERTIONS = NO;
				ENABLE_STRICT_OBJC_MSGSEND = YES;
				GCC_C_LANGUAGE_STANDARD = gnu99;
				GCC_NO_COMMON_BLOCKS = YES;
				GCC_WARN_64_TO_32_BIT_CONVERSION = YES;
				GCC_WARN_ABOUT_RETURN_TYPE = YES_ERROR;
				GCC_WARN_UNDECLARED_SELECTOR = YES;
				GCC_WARN_UNINITIALIZED_AUTOS = YES_AGGRESSIVE;
				GCC_WARN_UNUSED_FUNCTION = YES;
				GCC_WARN_UNUSED_VARIABLE = YES;
				MACOSX_DEPLOYMENT_TARGET = 10.12;
				MTL_ENABLE_DEBUG_INFO = NO;
				SDKROOT = macosx;
			};
			name = Release;
		};
		1867B0D01DF3C5C6008280FF /* Debug */ = {
			isa = XCBuildConfiguration;
			buildSettings = {
				EXECUTABLE_PREFIX = lib;
				PRODUCT_NAME = "$(TARGET_NAME)";
			};
			name = Debug;
		};
		1867B0D11DF3C5C6008280FF /* Release */ = {
			isa = XCBuildConfiguration;
			buildSettings = {
				EXECUTABLE_PREFIX = lib;
				PRODUCT_NAME = "$(TARGET_NAME)";
			};
			name = Release;
		};
		1867B0F01DF3C68D008280FF /* Debug */ = {
			isa = XCBuildConfiguration;
			buildSettings = {
				PRODUCT_NAME = "$(TARGET_NAME)";
			};
			name = Debug;
		};
		1867B0F11DF3C68D008280FF /* Release */ = {
			isa = XCBuildConfiguration;
			buildSettings = {
				PRODUCT_NAME = "$(TARGET_NAME)";
			};
			name = Release;
		};
		1867B0FC1DF3C6FB008280FF /* Debug */ = {
			isa = XCBuildConfiguration;
			buildSettings = {
				PRODUCT_NAME = "$(TARGET_NAME)";
			};
			name = Debug;
		};
		1867B0FD1DF3C6FB008280FF /* Release */ = {
			isa = XCBuildConfiguration;
			buildSettings = {
				PRODUCT_NAME = "$(TARGET_NAME)";
			};
			name = Release;
		};
		1867B1091DF3C835008280FF /* Debug */ = {
			isa = XCBuildConfiguration;
			buildSettings = {
				PRODUCT_NAME = "$(TARGET_NAME)";
			};
			name = Debug;
		};
		1867B10A1DF3C835008280FF /* Release */ = {
			isa = XCBuildConfiguration;
			buildSettings = {
				PRODUCT_NAME = "$(TARGET_NAME)";
			};
			name = Release;
		};
		1867B1151DF3C889008280FF /* Debug */ = {
			isa = XCBuildConfiguration;
			buildSettings = {
				PRODUCT_NAME = "$(TARGET_NAME)";
			};
			name = Debug;
		};
		1867B1161DF3C889008280FF /* Release */ = {
			isa = XCBuildConfiguration;
			buildSettings = {
				PRODUCT_NAME = "$(TARGET_NAME)";
			};
			name = Release;
		};
/* End XCBuildConfiguration section */

/* Begin XCConfigurationList section */
		1867B0C61DF3C5C6008280FF /* Build configuration list for PBXProject "CSubSub" */ = {
			isa = XCConfigurationList;
			buildConfigurations = (
				1867B0CD1DF3C5C6008280FF /* Debug */,
				1867B0CE1DF3C5C6008280FF /* Release */,
			);
			defaultConfigurationIsVisible = 0;
			defaultConfigurationName = Release;
		};
		1867B0CF1DF3C5C6008280FF /* Build configuration list for PBXNativeTarget "CSubSub" */ = {
			isa = XCConfigurationList;
			buildConfigurations = (
				1867B0D01DF3C5C6008280FF /* Debug */,
				1867B0D11DF3C5C6008280FF /* Release */,
			);
			defaultConfigurationIsVisible = 0;
		};
		1867B0EF1DF3C68D008280FF /* Build configuration list for PBXNativeTarget "E001UsingString" */ = {
			isa = XCConfigurationList;
			buildConfigurations = (
				1867B0F01DF3C68D008280FF /* Debug */,
				1867B0F11DF3C68D008280FF /* Release */,
			);
			defaultConfigurationIsVisible = 0;
		};
		1867B0FB1DF3C6FB008280FF /* Build configuration list for PBXNativeTarget "E002UsingFile" */ = {
			isa = XCConfigurationList;
			buildConfigurations = (
				1867B0FC1DF3C6FB008280FF /* Debug */,
				1867B0FD1DF3C6FB008280FF /* Release */,
			);
			defaultConfigurationIsVisible = 0;
		};
		1867B1081DF3C835008280FF /* Build configuration list for PBXNativeTarget "E003UsingList" */ = {
			isa = XCConfigurationList;
			buildConfigurations = (
				1867B1091DF3C835008280FF /* Debug */,
				1867B10A1DF3C835008280FF /* Release */,
			);
			defaultConfigurationIsVisible = 0;
		};
		1867B1141DF3C889008280FF /* Build configuration list for PBXNativeTarget "L001HelloCSS" */ = {
			isa = XCConfigurationList;
			buildConfigurations = (
				1867B1151DF3C889008280FF /* Debug */,
				1867B1161DF3C889008280FF /* Release */,
			);
			defaultConfigurationIsVisible = 0;
		};
/* End XCConfigurationList section */
	};
	rootObject = 1867B0C31DF3C5C6008280FF /* Project object */;
}
